
Microsoft Visual Studio Solution File, Format Version 12.00
# Visual Studio 2013
VisualStudioVersion = 12.0.21005.1
MinimumVisualStudioVersion = 10.0.40219.1
Project("{262852C6-CD72-467D-83FE-5EEB1973A190}") = "AngularWinJSTest", "test\AngularWinJSTest\AngularWinJSTest.jsproj", "{C0043990-A159-4196-8764-7347DDC8D54C}"
EndProject
Project("{262852C6-CD72-467D-83FE-5EEB1973A190}") = "Readme", "test\Readme\Readme.jsproj", "{88459C3B-9180-4FA2-9151-40193756DE3F}"
EndProject
Project("{262852C6-CD72-467D-83FE-5EEB1973A190}") = "SearchBoxTest", "test\SearchBoxTest\SearchBoxTest.jsproj", "{DF2DCCED-B013-488F-8F51-830D06F02AC8}"
EndProject
Project("{262852C6-CD72-467D-83FE-5EEB1973A190}") = "angular-winjs", "angular-winjs.jsproj", "{B3A0C9D7-D3F8-43B1-8FD4-4C0B59BF1F7E}"
EndProject
Project("{262852C6-CD72-467D-83FE-5EEB1973A190}") = "CameraCaptureUI", "test\CameraCaptureUI\CameraCaptureUI.jsproj", "{6C2D78B6-B2A8-4368-BE38-F18E2D481249}"
EndProject
Project("{262852C6-CD72-467D-83FE-5EEB1973A190}") = "FlipViewTest", "test\FlipViewTest\FlipViewTest.jsproj", "{D6C25EB2-E116-4636-AC61-678ED90B15A4}"
EndProject
Project("{262852C6-CD72-467D-83FE-5EEB1973A190}") = "HubTest", "test\HubTest\HubTest.jsproj", "{9DBD17C9-4AEA-4F0A-8BBC-4D4C32126AA2}"
EndProject
Global
	GlobalSection(SolutionConfigurationPlatforms) = preSolution
		Debug|Any CPU = Debug|Any CPU
		Debug|ARM = Debug|ARM
		Debug|x64 = Debug|x64
		Debug|x86 = Debug|x86
		Release|Any CPU = Release|Any CPU
		Release|ARM = Release|ARM
		Release|x64 = Release|x64
		Release|x86 = Release|x86
	EndGlobalSection
	GlobalSection(ProjectConfigurationPlatforms) = postSolution
		{C0043990-A159-4196-8764-7347DDC8D54C}.Debug|Any CPU.ActiveCfg = Debug|Any CPU
		{C0043990-A159-4196-8764-7347DDC8D54C}.Debug|Any CPU.Build.0 = Debug|Any CPU
		{C0043990-A159-4196-8764-7347DDC8D54C}.Debug|Any CPU.Deploy.0 = Debug|Any CPU
		{C0043990-A159-4196-8764-7347DDC8D54C}.Debug|ARM.ActiveCfg = Debug|ARM
		{C0043990-A159-4196-8764-7347DDC8D54C}.Debug|ARM.Build.0 = Debug|ARM
		{C0043990-A159-4196-8764-7347DDC8D54C}.Debug|ARM.Deploy.0 = Debug|ARM
		{C0043990-A159-4196-8764-7347DDC8D54C}.Debug|x64.ActiveCfg = Debug|x64
		{C0043990-A159-4196-8764-7347DDC8D54C}.Debug|x64.Build.0 = Debug|x64
		{C0043990-A159-4196-8764-7347DDC8D54C}.Debug|x64.Deploy.0 = Debug|x64
		{C0043990-A159-4196-8764-7347DDC8D54C}.Debug|x86.ActiveCfg = Debug|x86
		{C0043990-A159-4196-8764-7347DDC8D54C}.Debug|x86.Build.0 = Debug|x86
		{C0043990-A159-4196-8764-7347DDC8D54C}.Debug|x86.Deploy.0 = Debug|x86
		{C0043990-A159-4196-8764-7347DDC8D54C}.Release|Any CPU.ActiveCfg = Release|Any CPU
		{C0043990-A159-4196-8764-7347DDC8D54C}.Release|Any CPU.Build.0 = Release|Any CPU
		{C0043990-A159-4196-8764-7347DDC8D54C}.Release|Any CPU.Deploy.0 = Release|Any CPU
		{C0043990-A159-4196-8764-7347DDC8D54C}.Release|ARM.ActiveCfg = Release|ARM
		{C0043990-A159-4196-8764-7347DDC8D54C}.Release|ARM.Build.0 = Release|ARM
		{C0043990-A159-4196-8764-7347DDC8D54C}.Release|ARM.Deploy.0 = Release|ARM
		{C0043990-A159-4196-8764-7347DDC8D54C}.Release|x64.ActiveCfg = Release|x64
		{C0043990-A159-4196-8764-7347DDC8D54C}.Release|x64.Build.0 = Release|x64
		{C0043990-A159-4196-8764-7347DDC8D54C}.Release|x64.Deploy.0 = Release|x64
		{C0043990-A159-4196-8764-7347DDC8D54C}.Release|x86.ActiveCfg = Release|x86
		{C0043990-A159-4196-8764-7347DDC8D54C}.Release|x86.Build.0 = Release|x86
		{C0043990-A159-4196-8764-7347DDC8D54C}.Release|x86.Deploy.0 = Release|x86
		{88459C3B-9180-4FA2-9151-40193756DE3F}.Debug|Any CPU.ActiveCfg = Debug|Any CPU
		{88459C3B-9180-4FA2-9151-40193756DE3F}.Debug|Any CPU.Build.0 = Debug|Any CPU
		{88459C3B-9180-4FA2-9151-40193756DE3F}.Debug|Any CPU.Deploy.0 = Debug|Any CPU
		{88459C3B-9180-4FA2-9151-40193756DE3F}.Debug|ARM.ActiveCfg = Debug|ARM
		{88459C3B-9180-4FA2-9151-40193756DE3F}.Debug|ARM.Build.0 = Debug|ARM
		{88459C3B-9180-4FA2-9151-40193756DE3F}.Debug|ARM.Deploy.0 = Debug|ARM
		{88459C3B-9180-4FA2-9151-40193756DE3F}.Debug|x64.ActiveCfg = Debug|x64
		{88459C3B-9180-4FA2-9151-40193756DE3F}.Debug|x64.Build.0 = Debug|x64
		{88459C3B-9180-4FA2-9151-40193756DE3F}.Debug|x64.Deploy.0 = Debug|x64
		{88459C3B-9180-4FA2-9151-40193756DE3F}.Debug|x86.ActiveCfg = Debug|x86
		{88459C3B-9180-4FA2-9151-40193756DE3F}.Debug|x86.Build.0 = Debug|x86
		{88459C3B-9180-4FA2-9151-40193756DE3F}.Debug|x86.Deploy.0 = Debug|x86
		{88459C3B-9180-4FA2-9151-40193756DE3F}.Release|Any CPU.ActiveCfg = Release|Any CPU
		{88459C3B-9180-4FA2-9151-40193756DE3F}.Release|Any CPU.Build.0 = Release|Any CPU
		{88459C3B-9180-4FA2-9151-40193756DE3F}.Release|Any CPU.Deploy.0 = Release|Any CPU
		{88459C3B-9180-4FA2-9151-40193756DE3F}.Release|ARM.ActiveCfg = Release|ARM
		{88459C3B-9180-4FA2-9151-40193756DE3F}.Release|ARM.Build.0 = Release|ARM
		{88459C3B-9180-4FA2-9151-40193756DE3F}.Release|ARM.Deploy.0 = Release|ARM
		{88459C3B-9180-4FA2-9151-40193756DE3F}.Release|x64.ActiveCfg = Release|x64
		{88459C3B-9180-4FA2-9151-40193756DE3F}.Release|x64.Build.0 = Release|x64
		{88459C3B-9180-4FA2-9151-40193756DE3F}.Release|x64.Deploy.0 = Release|x64
		{88459C3B-9180-4FA2-9151-40193756DE3F}.Release|x86.ActiveCfg = Release|x86
		{88459C3B-9180-4FA2-9151-40193756DE3F}.Release|x86.Build.0 = Release|x86
		{88459C3B-9180-4FA2-9151-40193756DE3F}.Release|x86.Deploy.0 = Release|x86
		{DF2DCCED-B013-488F-8F51-830D06F02AC8}.Debug|Any CPU.ActiveCfg = Debug|Any CPU
		{DF2DCCED-B013-488F-8F51-830D06F02AC8}.Debug|Any CPU.Build.0 = Debug|Any CPU
		{DF2DCCED-B013-488F-8F51-830D06F02AC8}.Debug|Any CPU.Deploy.0 = Debug|Any CPU
		{DF2DCCED-B013-488F-8F51-830D06F02AC8}.Debug|ARM.ActiveCfg = Debug|ARM
		{DF2DCCED-B013-488F-8F51-830D06F02AC8}.Debug|ARM.Build.0 = Debug|ARM
		{DF2DCCED-B013-488F-8F51-830D06F02AC8}.Debug|ARM.Deploy.0 = Debug|ARM
		{DF2DCCED-B013-488F-8F51-830D06F02AC8}.Debug|x64.ActiveCfg = Debug|x64
		{DF2DCCED-B013-488F-8F51-830D06F02AC8}.Debug|x64.Build.0 = Debug|x64
		{DF2DCCED-B013-488F-8F51-830D06F02AC8}.Debug|x64.Deploy.0 = Debug|x64
		{DF2DCCED-B013-488F-8F51-830D06F02AC8}.Debug|x86.ActiveCfg = Debug|x86
		{DF2DCCED-B013-488F-8F51-830D06F02AC8}.Debug|x86.Build.0 = Debug|x86
		{DF2DCCED-B013-488F-8F51-830D06F02AC8}.Debug|x86.Deploy.0 = Debug|x86
		{DF2DCCED-B013-488F-8F51-830D06F02AC8}.Release|Any CPU.ActiveCfg = Release|Any CPU
		{DF2DCCED-B013-488F-8F51-830D06F02AC8}.Release|Any CPU.Build.0 = Release|Any CPU
		{DF2DCCED-B013-488F-8F51-830D06F02AC8}.Release|Any CPU.Deploy.0 = Release|Any CPU
		{DF2DCCED-B013-488F-8F51-830D06F02AC8}.Release|ARM.ActiveCfg = Release|ARM
		{DF2DCCED-B013-488F-8F51-830D06F02AC8}.Release|ARM.Build.0 = Release|ARM
		{DF2DCCED-B013-488F-8F51-830D06F02AC8}.Release|ARM.Deploy.0 = Release|ARM
		{DF2DCCED-B013-488F-8F51-830D06F02AC8}.Release|x64.ActiveCfg = Release|x64
		{DF2DCCED-B013-488F-8F51-830D06F02AC8}.Release|x64.Build.0 = Release|x64
		{DF2DCCED-B013-488F-8F51-830D06F02AC8}.Release|x64.Deploy.0 = Release|x64
		{DF2DCCED-B013-488F-8F51-830D06F02AC8}.Release|x86.ActiveCfg = Release|x86
		{DF2DCCED-B013-488F-8F51-830D06F02AC8}.Release|x86.Build.0 = Release|x86
		{DF2DCCED-B013-488F-8F51-830D06F02AC8}.Release|x86.Deploy.0 = Release|x86
		{B3A0C9D7-D3F8-43B1-8FD4-4C0B59BF1F7E}.Debug|Any CPU.ActiveCfg = Debug|Any CPU
		{B3A0C9D7-D3F8-43B1-8FD4-4C0B59BF1F7E}.Debug|Any CPU.Build.0 = Debug|Any CPU
		{B3A0C9D7-D3F8-43B1-8FD4-4C0B59BF1F7E}.Debug|Any CPU.Deploy.0 = Debug|Any CPU
		{B3A0C9D7-D3F8-43B1-8FD4-4C0B59BF1F7E}.Debug|ARM.ActiveCfg = Debug|ARM
		{B3A0C9D7-D3F8-43B1-8FD4-4C0B59BF1F7E}.Debug|ARM.Build.0 = Debug|ARM
		{B3A0C9D7-D3F8-43B1-8FD4-4C0B59BF1F7E}.Debug|ARM.Deploy.0 = Debug|ARM
		{B3A0C9D7-D3F8-43B1-8FD4-4C0B59BF1F7E}.Debug|x64.ActiveCfg = Debug|x64
		{B3A0C9D7-D3F8-43B1-8FD4-4C0B59BF1F7E}.Debug|x64.Build.0 = Debug|x64
		{B3A0C9D7-D3F8-43B1-8FD4-4C0B59BF1F7E}.Debug|x64.Deploy.0 = Debug|x64
		{B3A0C9D7-D3F8-43B1-8FD4-4C0B59BF1F7E}.Debug|x86.ActiveCfg = Debug|x86
		{B3A0C9D7-D3F8-43B1-8FD4-4C0B59BF1F7E}.Debug|x86.Build.0 = Debug|x86
		{B3A0C9D7-D3F8-43B1-8FD4-4C0B59BF1F7E}.Debug|x86.Deploy.0 = Debug|x86
		{B3A0C9D7-D3F8-43B1-8FD4-4C0B59BF1F7E}.Release|Any CPU.ActiveCfg = Release|Any CPU
		{B3A0C9D7-D3F8-43B1-8FD4-4C0B59BF1F7E}.Release|Any CPU.Build.0 = Release|Any CPU
		{B3A0C9D7-D3F8-43B1-8FD4-4C0B59BF1F7E}.Release|Any CPU.Deploy.0 = Release|Any CPU
		{B3A0C9D7-D3F8-43B1-8FD4-4C0B59BF1F7E}.Release|ARM.ActiveCfg = Release|ARM
		{B3A0C9D7-D3F8-43B1-8FD4-4C0B59BF1F7E}.Release|ARM.Build.0 = Release|ARM
		{B3A0C9D7-D3F8-43B1-8FD4-4C0B59BF1F7E}.Release|ARM.Deploy.0 = Release|ARM
		{B3A0C9D7-D3F8-43B1-8FD4-4C0B59BF1F7E}.Release|x64.ActiveCfg = Release|x64
		{B3A0C9D7-D3F8-43B1-8FD4-4C0B59BF1F7E}.Release|x64.Build.0 = Release|x64
		{B3A0C9D7-D3F8-43B1-8FD4-4C0B59BF1F7E}.Release|x64.Deploy.0 = Release|x64
		{B3A0C9D7-D3F8-43B1-8FD4-4C0B59BF1F7E}.Release|x86.ActiveCfg = Release|x86
		{B3A0C9D7-D3F8-43B1-8FD4-4C0B59BF1F7E}.Release|x86.Build.0 = Release|x86
		{B3A0C9D7-D3F8-43B1-8FD4-4C0B59BF1F7E}.Release|x86.Deploy.0 = Release|x86
		{6C2D78B6-B2A8-4368-BE38-F18E2D481249}.Debug|Any CPU.ActiveCfg = Debug|Any CPU
		{6C2D78B6-B2A8-4368-BE38-F18E2D481249}.Debug|Any CPU.Build.0 = Debug|Any CPU
		{6C2D78B6-B2A8-4368-BE38-F18E2D481249}.Debug|Any CPU.Deploy.0 = Debug|Any CPU
		{6C2D78B6-B2A8-4368-BE38-F18E2D481249}.Debug|ARM.ActiveCfg = Debug|ARM
		{6C2D78B6-B2A8-4368-BE38-F18E2D481249}.Debug|ARM.Build.0 = Debug|ARM
		{6C2D78B6-B2A8-4368-BE38-F18E2D481249}.Debug|ARM.Deploy.0 = Debug|ARM
		{6C2D78B6-B2A8-4368-BE38-F18E2D481249}.Debug|x64.ActiveCfg = Debug|x64
		{6C2D78B6-B2A8-4368-BE38-F18E2D481249}.Debug|x64.Build.0 = Debug|x64
		{6C2D78B6-B2A8-4368-BE38-F18E2D481249}.Debug|x64.Deploy.0 = Debug|x64
		{6C2D78B6-B2A8-4368-BE38-F18E2D481249}.Debug|x86.ActiveCfg = Debug|x86
		{6C2D78B6-B2A8-4368-BE38-F18E2D481249}.Debug|x86.Build.0 = Debug|x86
		{6C2D78B6-B2A8-4368-BE38-F18E2D481249}.Debug|x86.Deploy.0 = Debug|x86
		{6C2D78B6-B2A8-4368-BE38-F18E2D481249}.Release|Any CPU.ActiveCfg = Release|Any CPU
		{6C2D78B6-B2A8-4368-BE38-F18E2D481249}.Release|Any CPU.Build.0 = Release|Any CPU
		{6C2D78B6-B2A8-4368-BE38-F18E2D481249}.Release|Any CPU.Deploy.0 = Release|Any CPU
		{6C2D78B6-B2A8-4368-BE38-F18E2D481249}.Release|ARM.ActiveCfg = Release|ARM
		{6C2D78B6-B2A8-4368-BE38-F18E2D481249}.Release|ARM.Build.0 = Release|ARM
		{6C2D78B6-B2A8-4368-BE38-F18E2D481249}.Release|ARM.Deploy.0 = Release|ARM
		{6C2D78B6-B2A8-4368-BE38-F18E2D481249}.Release|x64.ActiveCfg = Release|x64
		{6C2D78B6-B2A8-4368-BE38-F18E2D481249}.Release|x64.Build.0 = Release|x64
		{6C2D78B6-B2A8-4368-BE38-F18E2D481249}.Release|x64.Deploy.0 = Release|x64
		{6C2D78B6-B2A8-4368-BE38-F18E2D481249}.Release|x86.ActiveCfg = Release|x86
		{6C2D78B6-B2A8-4368-BE38-F18E2D481249}.Release|x86.Build.0 = Release|x86
		{6C2D78B6-B2A8-4368-BE38-F18E2D481249}.Release|x86.Deploy.0 = Release|x86
		{D6C25EB2-E116-4636-AC61-678ED90B15A4}.Debug|Any CPU.ActiveCfg = Debug|Any CPU
		{D6C25EB2-E116-4636-AC61-678ED90B15A4}.Debug|Any CPU.Build.0 = Debug|Any CPU
		{D6C25EB2-E116-4636-AC61-678ED90B15A4}.Debug|Any CPU.Deploy.0 = Debug|Any CPU
		{D6C25EB2-E116-4636-AC61-678ED90B15A4}.Debug|ARM.ActiveCfg = Debug|ARM
		{D6C25EB2-E116-4636-AC61-678ED90B15A4}.Debug|ARM.Build.0 = Debug|ARM
		{D6C25EB2-E116-4636-AC61-678ED90B15A4}.Debug|ARM.Deploy.0 = Debug|ARM
		{D6C25EB2-E116-4636-AC61-678ED90B15A4}.Debug|x64.ActiveCfg = Debug|x64
		{D6C25EB2-E116-4636-AC61-678ED90B15A4}.Debug|x64.Build.0 = Debug|x64
		{D6C25EB2-E116-4636-AC61-678ED90B15A4}.Debug|x64.Deploy.0 = Debug|x64
		{D6C25EB2-E116-4636-AC61-678ED90B15A4}.Debug|x86.ActiveCfg = Debug|x86
		{D6C25EB2-E116-4636-AC61-678ED90B15A4}.Debug|x86.Build.0 = Debug|x86
		{D6C25EB2-E116-4636-AC61-678ED90B15A4}.Debug|x86.Deploy.0 = Debug|x86
		{D6C25EB2-E116-4636-AC61-678ED90B15A4}.Release|Any CPU.ActiveCfg = Release|Any CPU
		{D6C25EB2-E116-4636-AC61-678ED90B15A4}.Release|Any CPU.Build.0 = Release|Any CPU
		{D6C25EB2-E116-4636-AC61-678ED90B15A4}.Release|Any CPU.Deploy.0 = Release|Any CPU
		{D6C25EB2-E116-4636-AC61-678ED90B15A4}.Release|ARM.ActiveCfg = Release|ARM
		{D6C25EB2-E116-4636-AC61-678ED90B15A4}.Release|ARM.Build.0 = Release|ARM
		{D6C25EB2-E116-4636-AC61-678ED90B15A4}.Release|ARM.Deploy.0 = Release|ARM
		{D6C25EB2-E116-4636-AC61-678ED90B15A4}.Release|x64.ActiveCfg = Release|x64
		{D6C25EB2-E116-4636-AC61-678ED90B15A4}.Release|x64.Build.0 = Release|x64
		{D6C25EB2-E116-4636-AC61-678ED90B15A4}.Release|x64.Deploy.0 = Release|x64
		{D6C25EB2-E116-4636-AC61-678ED90B15A4}.Release|x86.ActiveCfg = Release|x86
		{D6C25EB2-E116-4636-AC61-678ED90B15A4}.Release|x86.Build.0 = Release|x86
		{D6C25EB2-E116-4636-AC61-678ED90B15A4}.Release|x86.Deploy.0 = Release|x86
		{9DBD17C9-4AEA-4F0A-8BBC-4D4C32126AA2}.Debug|Any CPU.ActiveCfg = Debug|Any CPU
		{9DBD17C9-4AEA-4F0A-8BBC-4D4C32126AA2}.Debug|Any CPU.Build.0 = Debug|Any CPU
		{9DBD17C9-4AEA-4F0A-8BBC-4D4C32126AA2}.Debug|Any CPU.Deploy.0 = Debug|Any CPU
		{9DBD17C9-4AEA-4F0A-8BBC-4D4C32126AA2}.Debug|ARM.ActiveCfg = Debug|ARM
		{9DBD17C9-4AEA-4F0A-8BBC-4D4C32126AA2}.Debug|ARM.Build.0 = Debug|ARM
		{9DBD17C9-4AEA-4F0A-8BBC-4D4C32126AA2}.Debug|ARM.Deploy.0 = Debug|ARM
		{9DBD17C9-4AEA-4F0A-8BBC-4D4C32126AA2}.Debug|x64.ActiveCfg = Debug|x64
		{9DBD17C9-4AEA-4F0A-8BBC-4D4C32126AA2}.Debug|x64.Build.0 = Debug|x64
		{9DBD17C9-4AEA-4F0A-8BBC-4D4C32126AA2}.Debug|x64.Deploy.0 = Debug|x64
		{9DBD17C9-4AEA-4F0A-8BBC-4D4C32126AA2}.Debug|x86.ActiveCfg = Debug|x86
		{9DBD17C9-4AEA-4F0A-8BBC-4D4C32126AA2}.Debug|x86.Build.0 = Debug|x86
		{9DBD17C9-4AEA-4F0A-8BBC-4D4C32126AA2}.Debug|x86.Deploy.0 = Debug|x86
		{9DBD17C9-4AEA-4F0A-8BBC-4D4C32126AA2}.Release|Any CPU.ActiveCfg = Release|Any CPU
		{9DBD17C9-4AEA-4F0A-8BBC-4D4C32126AA2}.Release|Any CPU.Build.0 = Release|Any CPU
		{9DBD17C9-4AEA-4F0A-8BBC-4D4C32126AA2}.Release|Any CPU.Deploy.0 = Release|Any CPU
		{9DBD17C9-4AEA-4F0A-8BBC-4D4C32126AA2}.Release|ARM.ActiveCfg = Release|ARM
		{9DBD17C9-4AEA-4F0A-8BBC-4D4C32126AA2}.Release|ARM.Build.0 = Release|ARM
		{9DBD17C9-4AEA-4F0A-8BBC-4D4C32126AA2}.Release|ARM.Deploy.0 = Release|ARM
		{9DBD17C9-4AEA-4F0A-8BBC-4D4C32126AA2}.Release|x64.ActiveCfg = Release|x64
		{9DBD17C9-4AEA-4F0A-8BBC-4D4C32126AA2}.Release|x64.Build.0 = Release|x64
		{9DBD17C9-4AEA-4F0A-8BBC-4D4C32126AA2}.Release|x64.Deploy.0 = Release|x64
		{9DBD17C9-4AEA-4F0A-8BBC-4D4C32126AA2}.Release|x86.ActiveCfg = Release|x86
		{9DBD17C9-4AEA-4F0A-8BBC-4D4C32126AA2}.Release|x86.Build.0 = Release|x86
		{9DBD17C9-4AEA-4F0A-8BBC-4D4C32126AA2}.Release|x86.Deploy.0 = Release|x86
	EndGlobalSection
	GlobalSection(SolutionProperties) = preSolution
		HideSolutionNode = FALSE
	EndGlobalSection
EndGlobal
